
Microsoft Visual Studio Solution File, Format Version 12.00
# Visual Studio Version 17
VisualStudioVersion = 17.8.34525.116
MinimumVisualStudioVersion = 10.0.40219.1
Project("{FAE04EC0-301F-11D3-BF4B-00C04F79EFBC}") = "Cat", "Cat_Shop\Cat.csproj", "{EC75C1F2-16C8-463A-A7F4-F5A24F3C81BF}"
EndProject
Global
	GlobalSection(SolutionConfigurationPlatforms) = preSolution
		Debug|Any CPU = Debug|Any CPU
		Release|Any CPU = Release|Any CPU
	EndGlobalSection
	GlobalSection(ProjectConfigurationPlatforms) = postSolution
		{EC75C1F2-16C8-463A-A7F4-F5A24F3C81BF}.Debug|Any CPU.ActiveCfg = Debug|Any CPU
		{EC75C1F2-16C8-463A-A7F4-F5A24F3C81BF}.Debug|Any CPU.Build.0 = Debug|Any CPU
		{EC75C1F2-16C8-463A-A7F4-F5A24F3C81BF}.Release|Any CPU.ActiveCfg = Release|Any CPU
		{EC75C1F2-16C8-463A-A7F4-F5A24F3C81BF}.Release|Any CPU.Build.0 = Release|Any CPU
	EndGlobalSection
	GlobalSection(SolutionProperties) = preSolution
		HideSolutionNode = FALSE
	EndGlobalSection
	GlobalSection(ExtensibilityGlobals) = postSolution
		SolutionGuid = {2AC0C43F-9055-4C92-8420-FFAC6318B2B9}
	EndGlobalSection
EndGlobal
