
Microsoft Visual Studio Solution File, Format Version 12.00
# Visual Studio Version 17
VisualStudioVersion = 17.8.34525.116
MinimumVisualStudioVersion = 10.0.40219.1
Project("{FAE04EC0-301F-11D3-BF4B-00C04F79EFBC}") = "Incapsulation", "Incapsulation\Incapsulation.csproj", "{4E802FFF-AC9C-485B-AFFF-D7302E932ABF}"
EndProject
Global
	GlobalSection(SolutionConfigurationPlatforms) = preSolution
		Debug|Any CPU = Debug|Any CPU
		Release|Any CPU = Release|Any CPU
	EndGlobalSection
	GlobalSection(ProjectConfigurationPlatforms) = postSolution
		{4E802FFF-AC9C-485B-AFFF-D7302E932ABF}.Debug|Any CPU.ActiveCfg = Debug|Any CPU
		{4E802FFF-AC9C-485B-AFFF-D7302E932ABF}.Debug|Any CPU.Build.0 = Debug|Any CPU
		{4E802FFF-AC9C-485B-AFFF-D7302E932ABF}.Release|Any CPU.ActiveCfg = Release|Any CPU
		{4E802FFF-AC9C-485B-AFFF-D7302E932ABF}.Release|Any CPU.Build.0 = Release|Any CPU
	EndGlobalSection
	GlobalSection(SolutionProperties) = preSolution
		HideSolutionNode = FALSE
	EndGlobalSection
	GlobalSection(ExtensibilityGlobals) = postSolution
		SolutionGuid = {47D68B5B-6FE2-4FFC-A4B1-EFC228ECAD67}
	EndGlobalSection
EndGlobal
